
Microsoft Visual Studio Solution File, Format Version 12.00
# Visual Studio Version 17
VisualStudioVersion = 17.4.33213.308
MinimumVisualStudioVersion = 10.0.40219.1
Project("{FAE04EC0-301F-11D3-BF4B-00C04F79EFBC}") = "GraphQLPlay", "GraphQLPlay.csproj", "{D8067C75-869F-496D-8912-8A62065D398C}"
EndProject
Global
	GlobalSection(SolutionConfigurationPlatforms) = preSolution
		Debug|Any CPU = Debug|Any CPU
		Release|Any CPU = Release|Any CPU
	EndGlobalSection
	GlobalSection(ProjectConfigurationPlatforms) = postSolution
		{D8067C75-869F-496D-8912-8A62065D398C}.Debug|Any CPU.ActiveCfg = Debug|Any CPU
		{D8067C75-869F-496D-8912-8A62065D398C}.Debug|Any CPU.Build.0 = Debug|Any CPU
		{D8067C75-869F-496D-8912-8A62065D398C}.Release|Any CPU.ActiveCfg = Release|Any CPU
		{D8067C75-869F-496D-8912-8A62065D398C}.Release|Any CPU.Build.0 = Release|Any CPU
	EndGlobalSection
	GlobalSection(SolutionProperties) = preSolution
		HideSolutionNode = FALSE
	EndGlobalSection
	GlobalSection(ExtensibilityGlobals) = postSolution
		SolutionGuid = {F4E090D3-3AAC-4C71-903F-16128554E41E}
	EndGlobalSection
EndGlobal
